github.com/golang/protobuf v1.3.1 h1:YF8+flBXS5eO826T4nzqPrxfhQThhXl0YzfuUPu4SBg=
github.com/golang/protobuf v1.3.1/go.mod h1:6lQm79b+lXiMfvg/cZm0SGofjICqVBUtrP5yJMmIC1U=
github.com/micro/protobuf v0.0.0-20180321161605-ebd3be6d4fdb h1:7X2fjfHGQUGIqA6PwBpPChDIRrnB0Y0zD0ox3Cqg/Bs=
github.com/micro/protobuf v0.0.0-20180321161605-ebd3be6d4fdb/go.mod h1:3YhiKlo1uYsab8vkYbrfJ6w9DnpYWGIYWwd0txqveNM=
